# This file is automatically @generated by Poetry 1.8.5 and should not be changed by hand.

[[package]]
name = "restcodegen"
version = "2.0.1"
description = "Tool for generating Python clients from OpenAPI specifications"
optional = false
python-versions = "*"
files = []
develop = false

[package.source]
type = "git"
url = "https://github.com/ValeriyMenshikov/restcodegen.git"
reference = "HEAD"
resolved_reference = "ad3e85019782ef28e862f2d81312ec6f1ffbe887"

[metadata]
lock-version = "2.0"
python-versions = ">=3.10, <4.0"
content-hash = "c81c81a83134a077c23732ecbd51ef8133e837fae449830bf7c9a81e6b1f88fb"
